
Microsoft Visual Studio Solution File, Format Version 12.00
# Visual Studio Version 17
VisualStudioVersion = 17.9.34723.18
MinimumVisualStudioVersion = 10.0.40219.1
Project("{9A19103F-16F7-4668-BE54-9A1E7A4F7556}") = "ConsoleBankApp", "ConsoleBankApp.csproj", "{0E4669AD-679C-4E6E-B59A-ED931F6CE379}"
EndProject
Project("{9A19103F-16F7-4668-BE54-9A1E7A4F7556}") = "BankApplicationTests", "..\BankApplicationTests\BankApplicationTests.csproj", "{282FD38B-7197-4EDB-A2F1-CC79439E8F0D}"
EndProject
Project("{FAE04EC0-301F-11D3-BF4B-00C04F79EFBC}") = "BankApplicationMVC", "..\BankApplicationMVC\BankApplicationMVC.csproj", "{4B0C2B31-1CE1-4786-9F4A-A0C84CA88076}"
EndProject
Global
	GlobalSection(SolutionConfigurationPlatforms) = preSolution
		Debug|Any CPU = Debug|Any CPU
		Release|Any CPU = Release|Any CPU
	EndGlobalSection
	GlobalSection(ProjectConfigurationPlatforms) = postSolution
		{0E4669AD-679C-4E6E-B59A-ED931F6CE379}.Debug|Any CPU.ActiveCfg = Debug|Any CPU
		{0E4669AD-679C-4E6E-B59A-ED931F6CE379}.Debug|Any CPU.Build.0 = Debug|Any CPU
		{0E4669AD-679C-4E6E-B59A-ED931F6CE379}.Release|Any CPU.ActiveCfg = Release|Any CPU
		{0E4669AD-679C-4E6E-B59A-ED931F6CE379}.Release|Any CPU.Build.0 = Release|Any CPU
		{282FD38B-7197-4EDB-A2F1-CC79439E8F0D}.Debug|Any CPU.ActiveCfg = Debug|Any CPU
		{282FD38B-7197-4EDB-A2F1-CC79439E8F0D}.Debug|Any CPU.Build.0 = Debug|Any CPU
		{282FD38B-7197-4EDB-A2F1-CC79439E8F0D}.Release|Any CPU.ActiveCfg = Release|Any CPU
		{282FD38B-7197-4EDB-A2F1-CC79439E8F0D}.Release|Any CPU.Build.0 = Release|Any CPU
		{4B0C2B31-1CE1-4786-9F4A-A0C84CA88076}.Debug|Any CPU.ActiveCfg = Debug|Any CPU
		{4B0C2B31-1CE1-4786-9F4A-A0C84CA88076}.Debug|Any CPU.Build.0 = Debug|Any CPU
		{4B0C2B31-1CE1-4786-9F4A-A0C84CA88076}.Release|Any CPU.ActiveCfg = Release|Any CPU
		{4B0C2B31-1CE1-4786-9F4A-A0C84CA88076}.Release|Any CPU.Build.0 = Release|Any CPU
	EndGlobalSection
	GlobalSection(SolutionProperties) = preSolution
		HideSolutionNode = FALSE
	EndGlobalSection
	GlobalSection(ExtensibilityGlobals) = postSolution
		SolutionGuid = {E484EE6B-8C69-4045-8698-F2C0775423E6}
	EndGlobalSection
EndGlobal
